
Microsoft Visual Studio Solution File, Format Version 12.00
# Visual Studio Version 17
VisualStudioVersion = 17.10.35004.147
MinimumVisualStudioVersion = 10.0.40219.1
Project("{9A19103F-16F7-4668-BE54-9A1E7A4F7556}") = "Activity.API", "Activity.API\Activity.API.csproj", "{4A3FA660-9E6D-4154-A40F-3742FFB96CCD}"
EndProject
Project("{9A19103F-16F7-4668-BE54-9A1E7A4F7556}") = "Activity.DAL", "Activity.DAL\Activity.DAL.csproj", "{8F4BDB52-75E7-454E-8512-1D3C9B33E05A}"
EndProject
Project("{9A19103F-16F7-4668-BE54-9A1E7A4F7556}") = "Activity.BLL", "Activity.BLL\Activity.BLL.csproj", "{3CD43200-9419-4669-9BCD-73FAF2690B03}"
EndProject
Project("{FAE04EC0-301F-11D3-BF4B-00C04F79EFBC}") = "Activity.DTO", "Activity.DTO\Activity.DTO.csproj", "{37255D7F-BDC1-4CD6-B663-F74BFDD2607F}"
EndProject
Project("{FAE04EC0-301F-11D3-BF4B-00C04F79EFBC}") = "Activity.Validations", "Activity.Validations\Activity.Validations.csproj", "{E82619E1-1965-4184-972D-012D4F35F2FC}"
EndProject
Global
	GlobalSection(SolutionConfigurationPlatforms) = preSolution
		Debug|Any CPU = Debug|Any CPU
		Release|Any CPU = Release|Any CPU
	EndGlobalSection
	GlobalSection(ProjectConfigurationPlatforms) = postSolution
		{4A3FA660-9E6D-4154-A40F-3742FFB96CCD}.Debug|Any CPU.ActiveCfg = Debug|Any CPU
		{4A3FA660-9E6D-4154-A40F-3742FFB96CCD}.Debug|Any CPU.Build.0 = Debug|Any CPU
		{4A3FA660-9E6D-4154-A40F-3742FFB96CCD}.Release|Any CPU.ActiveCfg = Release|Any CPU
		{4A3FA660-9E6D-4154-A40F-3742FFB96CCD}.Release|Any CPU.Build.0 = Release|Any CPU
		{8F4BDB52-75E7-454E-8512-1D3C9B33E05A}.Debug|Any CPU.ActiveCfg = Debug|Any CPU
		{8F4BDB52-75E7-454E-8512-1D3C9B33E05A}.Debug|Any CPU.Build.0 = Debug|Any CPU
		{8F4BDB52-75E7-454E-8512-1D3C9B33E05A}.Release|Any CPU.ActiveCfg = Release|Any CPU
		{8F4BDB52-75E7-454E-8512-1D3C9B33E05A}.Release|Any CPU.Build.0 = Release|Any CPU
		{3CD43200-9419-4669-9BCD-73FAF2690B03}.Debug|Any CPU.ActiveCfg = Debug|Any CPU
		{3CD43200-9419-4669-9BCD-73FAF2690B03}.Debug|Any CPU.Build.0 = Debug|Any CPU
		{3CD43200-9419-4669-9BCD-73FAF2690B03}.Release|Any CPU.ActiveCfg = Release|Any CPU
		{3CD43200-9419-4669-9BCD-73FAF2690B03}.Release|Any CPU.Build.0 = Release|Any CPU
		{37255D7F-BDC1-4CD6-B663-F74BFDD2607F}.Debug|Any CPU.ActiveCfg = Debug|Any CPU
		{37255D7F-BDC1-4CD6-B663-F74BFDD2607F}.Debug|Any CPU.Build.0 = Debug|Any CPU
		{37255D7F-BDC1-4CD6-B663-F74BFDD2607F}.Release|Any CPU.ActiveCfg = Release|Any CPU
		{37255D7F-BDC1-4CD6-B663-F74BFDD2607F}.Release|Any CPU.Build.0 = Release|Any CPU
		{E82619E1-1965-4184-972D-012D4F35F2FC}.Debug|Any CPU.ActiveCfg = Debug|Any CPU
		{E82619E1-1965-4184-972D-012D4F35F2FC}.Debug|Any CPU.Build.0 = Debug|Any CPU
		{E82619E1-1965-4184-972D-012D4F35F2FC}.Release|Any CPU.ActiveCfg = Release|Any CPU
		{E82619E1-1965-4184-972D-012D4F35F2FC}.Release|Any CPU.Build.0 = Release|Any CPU
	EndGlobalSection
	GlobalSection(SolutionProperties) = preSolution
		HideSolutionNode = FALSE
	EndGlobalSection
	GlobalSection(ExtensibilityGlobals) = postSolution
		SolutionGuid = {24A2A35E-4FDB-482B-94AC-8C41FAA24BF9}
	EndGlobalSection
EndGlobal
